
Microsoft Visual Studio Solution File, Format Version 12.00
# Visual Studio Version 17
VisualStudioVersion = 17.3.32929.385
MinimumVisualStudioVersion = 10.0.40219.1
Project("{8BC9CEB8-8B4A-11D0-8D11-00A0C91BC942}") = "haveatry", "haveatry.vcxproj", "{2C625B52-550B-47B3-B732-BF885133300D}"
EndProject
Global
	GlobalSection(SolutionConfigurationPlatforms) = preSolution
		Debug|x64 = Debug|x64
		Debug|x86 = Debug|x86
		Release|x64 = Release|x64
		Release|x86 = Release|x86
	EndGlobalSection
	GlobalSection(ProjectConfigurationPlatforms) = postSolution
		{2C625B52-550B-47B3-B732-BF885133300D}.Debug|x64.ActiveCfg = Debug|x64
		{2C625B52-550B-47B3-B732-BF885133300D}.Debug|x64.Build.0 = Debug|x64
		{2C625B52-550B-47B3-B732-BF885133300D}.Debug|x86.ActiveCfg = Debug|Win32
		{2C625B52-550B-47B3-B732-BF885133300D}.Debug|x86.Build.0 = Debug|Win32
		{2C625B52-550B-47B3-B732-BF885133300D}.Release|x64.ActiveCfg = Release|x64
		{2C625B52-550B-47B3-B732-BF885133300D}.Release|x64.Build.0 = Release|x64
		{2C625B52-550B-47B3-B732-BF885133300D}.Release|x86.ActiveCfg = Release|Win32
		{2C625B52-550B-47B3-B732-BF885133300D}.Release|x86.Build.0 = Release|Win32
	EndGlobalSection
	GlobalSection(SolutionProperties) = preSolution
		HideSolutionNode = FALSE
	EndGlobalSection
	GlobalSection(ExtensibilityGlobals) = postSolution
		SolutionGuid = {EBD684CF-CB9B-41E6-A6C4-2E6D2CC3E9DE}
	EndGlobalSection
EndGlobal
